
Microsoft Visual Studio Solution File, Format Version 12.00
# Visual Studio Version 17
VisualStudioVersion = 17.14.36603.0 d17.14
MinimumVisualStudioVersion = 10.0.40219.1
Project("{FAE04EC0-301F-11D3-BF4B-00C04F79EFBC}") = "Potenciacao_base_expoente", "Potenciacao_base_expoente.csproj", "{686ED7E7-4D3D-43E1-94CC-2B67088C2399}"
EndProject
Global
	GlobalSection(SolutionConfigurationPlatforms) = preSolution
		Debug|Any CPU = Debug|Any CPU
		Release|Any CPU = Release|Any CPU
	EndGlobalSection
	GlobalSection(ProjectConfigurationPlatforms) = postSolution
		{686ED7E7-4D3D-43E1-94CC-2B67088C2399}.Debug|Any CPU.ActiveCfg = Debug|Any CPU
		{686ED7E7-4D3D-43E1-94CC-2B67088C2399}.Debug|Any CPU.Build.0 = Debug|Any CPU
		{686ED7E7-4D3D-43E1-94CC-2B67088C2399}.Release|Any CPU.ActiveCfg = Release|Any CPU
		{686ED7E7-4D3D-43E1-94CC-2B67088C2399}.Release|Any CPU.Build.0 = Release|Any CPU
	EndGlobalSection
	GlobalSection(SolutionProperties) = preSolution
		HideSolutionNode = FALSE
	EndGlobalSection
	GlobalSection(ExtensibilityGlobals) = postSolution
		SolutionGuid = {BFCEEF56-302A-4DD3-AB15-FA0FCBA81F49}
	EndGlobalSection
EndGlobal
